# Isolated share-count R2 conditional-conformance runtime.
#
# Target: CPython 3.12, macOS 11+ arm64. This intentionally contains only
# boto3 and its transitive runtime dependencies. Install only with
# --require-hashes --only-binary=:all:.

boto3==1.43.62 \
    --hash=sha256:0bb298e7ffd72b91615df44bf71c417df80a29d844971e5d665b8bd743a4bb35
botocore==1.43.62 \
    --hash=sha256:76de153de1ba3e242b2e6df6a13ab8a3fb35d17db562462969e661457b63166e
jmespath==1.1.0 \
    --hash=sha256:a5663118de4908c91729bea0acadca56526eb2698e83de10cd116ae0f4e97c64
python-dateutil==2.9.0.post0 \
    --hash=sha256:a8b2bc7bffae282281c8140a97d3aa9c14da0b136dfe83f850eea9a5f7470427
s3transfer==0.19.2 \
    --hash=sha256:d8168eccca828cbb2cd573675333f3bddd254313a9c42494b84c76b539e8ba25
six==1.17.0 \
    --hash=sha256:4721f391ed90541fddacab5acf947aa0d3dc7d27b2e1e8eda2be8970586c3274
urllib3==2.7.0 \
    --hash=sha256:9fb4c81ebbb1ce9531cce37674bbc6f1360472bc18ca9a553ede278ef7276897
